
Microsoft Visual Studio Solution File, Format Version 12.00
# Visual Studio Version 17
VisualStudioVersion = 17.14.36429.23 d17.14
MinimumVisualStudioVersion = 10.0.40219.1
Project("{2150E333-8FDC-42A3-9474-1A3956D46DE8}") = "Task0", "Task0", "{02EA681E-C7D8-13C7-8484-4AC65E1B71E8}"
EndProject
Project("{FAE04EC0-301F-11D3-BF4B-00C04F79EFBC}") = "Tyuiu.VitovskayaAN.Sprint6.Task0.V14.Lib", "Tyuiu.VitovskayaAN.Sprint6.Task0.V14.Lib\Tyuiu.VitovskayaAN.Sprint6.Task0.V14.Lib.csproj", "{54C6F9EB-0031-424F-8F12-5D042D08B592}"
EndProject
Project("{FAE04EC0-301F-11D3-BF4B-00C04F79EFBC}") = "Tyuiu.VitovskayaAN.Sprint6.Task0.V14.Test", "Tyuiu.VitovskayaAN.Sprint6.Task0.V14.Test\Tyuiu.VitovskayaAN.Sprint6.Task0.V14.Test.csproj", "{AAA3308D-1DEE-4D56-BD57-9F09CBC7694F}"
EndProject
Project("{FAE04EC0-301F-11D3-BF4B-00C04F79EFBC}") = "Tyuiu.VitovskayaAN.Sprint6.Task0.V14", "Tyuiu.VitovskayaAN.Sprint6.Task0.V14\Tyuiu.VitovskayaAN.Sprint6.Task0.V14.csproj", "{C1C93E96-72FB-40AC-BAC4-94E547134ED0}"
EndProject
Global
	GlobalSection(SolutionConfigurationPlatforms) = preSolution
		Debug|Any CPU = Debug|Any CPU
		Release|Any CPU = Release|Any CPU
	EndGlobalSection
	GlobalSection(ProjectConfigurationPlatforms) = postSolution
		{54C6F9EB-0031-424F-8F12-5D042D08B592}.Debug|Any CPU.ActiveCfg = Debug|Any CPU
		{54C6F9EB-0031-424F-8F12-5D042D08B592}.Debug|Any CPU.Build.0 = Debug|Any CPU
		{54C6F9EB-0031-424F-8F12-5D042D08B592}.Release|Any CPU.ActiveCfg = Release|Any CPU
		{54C6F9EB-0031-424F-8F12-5D042D08B592}.Release|Any CPU.Build.0 = Release|Any CPU
		{AAA3308D-1DEE-4D56-BD57-9F09CBC7694F}.Debug|Any CPU.ActiveCfg = Debug|Any CPU
		{AAA3308D-1DEE-4D56-BD57-9F09CBC7694F}.Debug|Any CPU.Build.0 = Debug|Any CPU
		{AAA3308D-1DEE-4D56-BD57-9F09CBC7694F}.Release|Any CPU.ActiveCfg = Release|Any CPU
		{AAA3308D-1DEE-4D56-BD57-9F09CBC7694F}.Release|Any CPU.Build.0 = Release|Any CPU
		{C1C93E96-72FB-40AC-BAC4-94E547134ED0}.Debug|Any CPU.ActiveCfg = Debug|Any CPU
		{C1C93E96-72FB-40AC-BAC4-94E547134ED0}.Debug|Any CPU.Build.0 = Debug|Any CPU
		{C1C93E96-72FB-40AC-BAC4-94E547134ED0}.Release|Any CPU.ActiveCfg = Release|Any CPU
		{C1C93E96-72FB-40AC-BAC4-94E547134ED0}.Release|Any CPU.Build.0 = Release|Any CPU
	EndGlobalSection
	GlobalSection(SolutionProperties) = preSolution
		HideSolutionNode = FALSE
	EndGlobalSection
	GlobalSection(NestedProjects) = preSolution
		{54C6F9EB-0031-424F-8F12-5D042D08B592} = {02EA681E-C7D8-13C7-8484-4AC65E1B71E8}
		{AAA3308D-1DEE-4D56-BD57-9F09CBC7694F} = {02EA681E-C7D8-13C7-8484-4AC65E1B71E8}
		{C1C93E96-72FB-40AC-BAC4-94E547134ED0} = {02EA681E-C7D8-13C7-8484-4AC65E1B71E8}
	EndGlobalSection
	GlobalSection(ExtensibilityGlobals) = postSolution
		SolutionGuid = {68BD5CFC-3773-494D-9543-EE752D507FE3}
	EndGlobalSection
EndGlobal
