
Microsoft Visual Studio Solution File, Format Version 12.00
# Visual Studio Version 17
VisualStudioVersion = 17.14.36429.23
MinimumVisualStudioVersion = 10.0.40219.1
Project("{2150E333-8FDC-42A3-9474-1A3956D46DE8}") = "Task0", "Task0", "{02EA681E-C7D8-13C7-8484-4AC65E1B71E8}"
EndProject
Project("{FAE04EC0-301F-11D3-BF4B-00C04F79EFBC}") = "Tyuiu.VitovskayaAN.Sprint6.Task0.V14.Lib", "Tyuiu.VitovskayaAN.Sprint6.Task0.V14.Lib\Tyuiu.VitovskayaAN.Sprint6.Task0.V14.Lib.csproj", "{54C6F9EB-0031-424F-8F12-5D042D08B592}"
EndProject
Project("{FAE04EC0-301F-11D3-BF4B-00C04F79EFBC}") = "Tyuiu.VitovskayaAN.Sprint6.Task0.V14.Test", "Tyuiu.VitovskayaAN.Sprint6.Task0.V14.Test\Tyuiu.VitovskayaAN.Sprint6.Task0.V14.Test.csproj", "{AAA3308D-1DEE-4D56-BD57-9F09CBC7694F}"
EndProject
Project("{FAE04EC0-301F-11D3-BF4B-00C04F79EFBC}") = "Tyuiu.VitovskayaAN.Sprint6.Task0.V14", "Tyuiu.VitovskayaAN.Sprint6.Task0.V14\Tyuiu.VitovskayaAN.Sprint6.Task0.V14.csproj", "{C1C93E96-72FB-40AC-BAC4-94E547134ED0}"
EndProject
Project("{2150E333-8FDC-42A3-9474-1A3956D46DE8}") = "Task1", "Task1", "{C9DA2FB2-A288-4A55-8B9D-52400E75D3C9}"
EndProject
Project("{FAE04EC0-301F-11D3-BF4B-00C04F79EFBC}") = "Tyuiu.VitovskayaAN.Sprint6.Task1.V21", "Tyuiu.VitovskayaAN.Sprint6.Task1.V21\Tyuiu.VitovskayaAN.Sprint6.Task1.V21.csproj", "{0608354B-D707-4D84-AF6F-01967EDB18B4}"
EndProject
Project("{FAE04EC0-301F-11D3-BF4B-00C04F79EFBC}") = "Tyuiu.VitovskayaAN.Sprint6.Task1.V21.Lib", "Tyuiu.VitovskayaAN.Sprint6.Task1.V21.Lib\Tyuiu.VitovskayaAN.Sprint6.Task1.V21.Lib.csproj", "{41F1DB25-9867-4739-B329-4B34046B4B00}"
EndProject
Project("{FAE04EC0-301F-11D3-BF4B-00C04F79EFBC}") = "Tyuiu.VitovskayaAN.Sprint6.Task1.V21.Test", "Tyuiu.VitovskayaAN.Sprint6.Task1.V21.Test\Tyuiu.VitovskayaAN.Sprint6.Task1.V21.Test.csproj", "{8E49B373-D327-47EA-B02E-56B6DE03DB3F}"
EndProject
Project("{2150E333-8FDC-42A3-9474-1A3956D46DE8}") = "Task2", "Task2", "{B196A31D-6B48-4897-83D0-F5410763F781}"
EndProject
Project("{FAE04EC0-301F-11D3-BF4B-00C04F79EFBC}") = "Tyuiu.VitovskayaAN.Sprint6.Task2.V3.Lib", "Tyuiu.VitovskayaAN.Sprint6.Task2.V3.Lib\Tyuiu.VitovskayaAN.Sprint6.Task2.V3.Lib.csproj", "{89255AA8-0878-4549-A69A-38CE9DE85BD1}"
EndProject
Project("{FAE04EC0-301F-11D3-BF4B-00C04F79EFBC}") = "Tyuiu.VitovskayaAN.Sprint6.Task2.V3.Test", "Tyuiu.VitovskayaAN.Sprint6.Task2.V3.Test\Tyuiu.VitovskayaAN.Sprint6.Task2.V3.Test.csproj", "{9BD1D746-2BE8-4240-97F4-CFA39539255B}"
EndProject
Project("{FAE04EC0-301F-11D3-BF4B-00C04F79EFBC}") = "Tyuiu.VitovskayaAN.Sprint6.Task2.V3", "Tyuiu.VitovskayaAN.Sprint6.Task2.V3\Tyuiu.VitovskayaAN.Sprint6.Task2.V3.csproj", "{331D4287-3847-4256-AC9C-9E91EF78E3E4}"
EndProject
Global
	GlobalSection(SolutionConfigurationPlatforms) = preSolution
		Debug|Any CPU = Debug|Any CPU
		Release|Any CPU = Release|Any CPU
	EndGlobalSection
	GlobalSection(ProjectConfigurationPlatforms) = postSolution
		{54C6F9EB-0031-424F-8F12-5D042D08B592}.Debug|Any CPU.ActiveCfg = Debug|Any CPU
		{54C6F9EB-0031-424F-8F12-5D042D08B592}.Debug|Any CPU.Build.0 = Debug|Any CPU
		{54C6F9EB-0031-424F-8F12-5D042D08B592}.Release|Any CPU.ActiveCfg = Release|Any CPU
		{54C6F9EB-0031-424F-8F12-5D042D08B592}.Release|Any CPU.Build.0 = Release|Any CPU
		{AAA3308D-1DEE-4D56-BD57-9F09CBC7694F}.Debug|Any CPU.ActiveCfg = Debug|Any CPU
		{AAA3308D-1DEE-4D56-BD57-9F09CBC7694F}.Debug|Any CPU.Build.0 = Debug|Any CPU
		{AAA3308D-1DEE-4D56-BD57-9F09CBC7694F}.Release|Any CPU.ActiveCfg = Release|Any CPU
		{AAA3308D-1DEE-4D56-BD57-9F09CBC7694F}.Release|Any CPU.Build.0 = Release|Any CPU
		{C1C93E96-72FB-40AC-BAC4-94E547134ED0}.Debug|Any CPU.ActiveCfg = Debug|Any CPU
		{C1C93E96-72FB-40AC-BAC4-94E547134ED0}.Debug|Any CPU.Build.0 = Debug|Any CPU
		{C1C93E96-72FB-40AC-BAC4-94E547134ED0}.Release|Any CPU.ActiveCfg = Release|Any CPU
		{C1C93E96-72FB-40AC-BAC4-94E547134ED0}.Release|Any CPU.Build.0 = Release|Any CPU
		{0608354B-D707-4D84-AF6F-01967EDB18B4}.Debug|Any CPU.ActiveCfg = Debug|Any CPU
		{0608354B-D707-4D84-AF6F-01967EDB18B4}.Debug|Any CPU.Build.0 = Debug|Any CPU
		{0608354B-D707-4D84-AF6F-01967EDB18B4}.Release|Any CPU.ActiveCfg = Release|Any CPU
		{0608354B-D707-4D84-AF6F-01967EDB18B4}.Release|Any CPU.Build.0 = Release|Any CPU
		{41F1DB25-9867-4739-B329-4B34046B4B00}.Debug|Any CPU.ActiveCfg = Debug|Any CPU
		{41F1DB25-9867-4739-B329-4B34046B4B00}.Debug|Any CPU.Build.0 = Debug|Any CPU
		{41F1DB25-9867-4739-B329-4B34046B4B00}.Release|Any CPU.ActiveCfg = Release|Any CPU
		{41F1DB25-9867-4739-B329-4B34046B4B00}.Release|Any CPU.Build.0 = Release|Any CPU
		{8E49B373-D327-47EA-B02E-56B6DE03DB3F}.Debug|Any CPU.ActiveCfg = Debug|Any CPU
		{8E49B373-D327-47EA-B02E-56B6DE03DB3F}.Debug|Any CPU.Build.0 = Debug|Any CPU
		{8E49B373-D327-47EA-B02E-56B6DE03DB3F}.Release|Any CPU.ActiveCfg = Release|Any CPU
		{8E49B373-D327-47EA-B02E-56B6DE03DB3F}.Release|Any CPU.Build.0 = Release|Any CPU
		{89255AA8-0878-4549-A69A-38CE9DE85BD1}.Debug|Any CPU.ActiveCfg = Debug|Any CPU
		{89255AA8-0878-4549-A69A-38CE9DE85BD1}.Debug|Any CPU.Build.0 = Debug|Any CPU
		{89255AA8-0878-4549-A69A-38CE9DE85BD1}.Release|Any CPU.ActiveCfg = Release|Any CPU
		{89255AA8-0878-4549-A69A-38CE9DE85BD1}.Release|Any CPU.Build.0 = Release|Any CPU
		{9BD1D746-2BE8-4240-97F4-CFA39539255B}.Debug|Any CPU.ActiveCfg = Debug|Any CPU
		{9BD1D746-2BE8-4240-97F4-CFA39539255B}.Debug|Any CPU.Build.0 = Debug|Any CPU
		{9BD1D746-2BE8-4240-97F4-CFA39539255B}.Release|Any CPU.ActiveCfg = Release|Any CPU
		{9BD1D746-2BE8-4240-97F4-CFA39539255B}.Release|Any CPU.Build.0 = Release|Any CPU
		{331D4287-3847-4256-AC9C-9E91EF78E3E4}.Debug|Any CPU.ActiveCfg = Debug|Any CPU
		{331D4287-3847-4256-AC9C-9E91EF78E3E4}.Debug|Any CPU.Build.0 = Debug|Any CPU
		{331D4287-3847-4256-AC9C-9E91EF78E3E4}.Release|Any CPU.ActiveCfg = Release|Any CPU
		{331D4287-3847-4256-AC9C-9E91EF78E3E4}.Release|Any CPU.Build.0 = Release|Any CPU
	EndGlobalSection
	GlobalSection(SolutionProperties) = preSolution
		HideSolutionNode = FALSE
	EndGlobalSection
	GlobalSection(NestedProjects) = preSolution
		{54C6F9EB-0031-424F-8F12-5D042D08B592} = {02EA681E-C7D8-13C7-8484-4AC65E1B71E8}
		{AAA3308D-1DEE-4D56-BD57-9F09CBC7694F} = {02EA681E-C7D8-13C7-8484-4AC65E1B71E8}
		{C1C93E96-72FB-40AC-BAC4-94E547134ED0} = {02EA681E-C7D8-13C7-8484-4AC65E1B71E8}
		{0608354B-D707-4D84-AF6F-01967EDB18B4} = {C9DA2FB2-A288-4A55-8B9D-52400E75D3C9}
		{41F1DB25-9867-4739-B329-4B34046B4B00} = {C9DA2FB2-A288-4A55-8B9D-52400E75D3C9}
		{8E49B373-D327-47EA-B02E-56B6DE03DB3F} = {C9DA2FB2-A288-4A55-8B9D-52400E75D3C9}
		{89255AA8-0878-4549-A69A-38CE9DE85BD1} = {B196A31D-6B48-4897-83D0-F5410763F781}
		{9BD1D746-2BE8-4240-97F4-CFA39539255B} = {B196A31D-6B48-4897-83D0-F5410763F781}
		{331D4287-3847-4256-AC9C-9E91EF78E3E4} = {B196A31D-6B48-4897-83D0-F5410763F781}
	EndGlobalSection
	GlobalSection(ExtensibilityGlobals) = postSolution
		SolutionGuid = {68BD5CFC-3773-494D-9543-EE752D507FE3}
	EndGlobalSection
EndGlobal
